
Microsoft Visual Studio Solution File, Format Version 12.00
# Visual Studio Version 17
VisualStudioVersion = 17.12.35707.178 d17.12
MinimumVisualStudioVersion = 10.0.40219.1
Project("{FAE04EC0-301F-11D3-BF4B-00C04F79EFBC}") = "PicHub.API", "PicHub.API\PicHub.API.csproj", "{40E87795-5F0B-4B0F-B5DF-B536D3C3E600}"
EndProject
Global
	GlobalSection(SolutionConfigurationPlatforms) = preSolution
		Debug|Any CPU = Debug|Any CPU
		Release|Any CPU = Release|Any CPU
	EndGlobalSection
	GlobalSection(ProjectConfigurationPlatforms) = postSolution
		{40E87795-5F0B-4B0F-B5DF-B536D3C3E600}.Debug|Any CPU.ActiveCfg = Debug|Any CPU
		{40E87795-5F0B-4B0F-B5DF-B536D3C3E600}.Debug|Any CPU.Build.0 = Debug|Any CPU
		{40E87795-5F0B-4B0F-B5DF-B536D3C3E600}.Release|Any CPU.ActiveCfg = Release|Any CPU
		{40E87795-5F0B-4B0F-B5DF-B536D3C3E600}.Release|Any CPU.Build.0 = Release|Any CPU
	EndGlobalSection
	GlobalSection(SolutionProperties) = preSolution
		HideSolutionNode = FALSE
	EndGlobalSection
EndGlobal
